
Microsoft Visual Studio Solution File, Format Version 12.00
# Visual Studio 15
VisualStudioVersion = 15.0.28010.2003
MinimumVisualStudioVersion = 10.0.40219.1
Project("{FAE04EC0-301F-11D3-BF4B-00C04F79EFBC}") = "ToolXML", "ToolXML\ToolXML.csproj", "{7D1285C7-E9BA-4494-9AE3-13B163088F13}"
EndProject
Project("{54435603-DBB4-11D2-8724-00A0C9A8B90C}") = "ToolConvertXml", "..\..\ToolConvertXml\ToolConvertXml.vdproj", "{6989DE58-4585-49B4-ACFA-5E2A9A22BD66}"
EndProject
Global
	GlobalSection(SolutionConfigurationPlatforms) = preSolution
		Debug|Any CPU = Debug|Any CPU
		Release|Any CPU = Release|Any CPU
	EndGlobalSection
	GlobalSection(ProjectConfigurationPlatforms) = postSolution
		{7D1285C7-E9BA-4494-9AE3-13B163088F13}.Debug|Any CPU.ActiveCfg = Debug|Any CPU
		{7D1285C7-E9BA-4494-9AE3-13B163088F13}.Debug|Any CPU.Build.0 = Debug|Any CPU
		{7D1285C7-E9BA-4494-9AE3-13B163088F13}.Release|Any CPU.ActiveCfg = Release|Any CPU
		{7D1285C7-E9BA-4494-9AE3-13B163088F13}.Release|Any CPU.Build.0 = Release|Any CPU
		{6989DE58-4585-49B4-ACFA-5E2A9A22BD66}.Debug|Any CPU.ActiveCfg = Debug
		{6989DE58-4585-49B4-ACFA-5E2A9A22BD66}.Release|Any CPU.ActiveCfg = Release
	EndGlobalSection
	GlobalSection(SolutionProperties) = preSolution
		HideSolutionNode = FALSE
	EndGlobalSection
	GlobalSection(ExtensibilityGlobals) = postSolution
		SolutionGuid = {DBC23771-D80B-4B1B-AD04-A7AEC60E6CEA}
	EndGlobalSection
EndGlobal
